
Microsoft Visual Studio Solution File, Format Version 12.00
# Visual Studio Version 16
VisualStudioVersion = 16.0.30523.141
MinimumVisualStudioVersion = 10.0.40219.1
Project("{FAE04EC0-301F-11D3-BF4B-00C04F79EFBC}") = "PlatformTest.WebApi", "sources\PlatformTest.WebApi\PlatformTest.WebApi.csproj", "{03089B18-96DC-4B03-8D30-ECB9FF7B27E5}"
EndProject
Global
	GlobalSection(SolutionConfigurationPlatforms) = preSolution
		Debug|Any CPU = Debug|Any CPU
		Release|Any CPU = Release|Any CPU
	EndGlobalSection
	GlobalSection(ProjectConfigurationPlatforms) = postSolution
		{03089B18-96DC-4B03-8D30-ECB9FF7B27E5}.Debug|Any CPU.ActiveCfg = Debug|Any CPU
		{03089B18-96DC-4B03-8D30-ECB9FF7B27E5}.Debug|Any CPU.Build.0 = Debug|Any CPU
		{03089B18-96DC-4B03-8D30-ECB9FF7B27E5}.Release|Any CPU.ActiveCfg = Release|Any CPU
		{03089B18-96DC-4B03-8D30-ECB9FF7B27E5}.Release|Any CPU.Build.0 = Release|Any CPU
	EndGlobalSection
	GlobalSection(SolutionProperties) = preSolution
		HideSolutionNode = FALSE
	EndGlobalSection
	GlobalSection(ExtensibilityGlobals) = postSolution
		SolutionGuid = {C5448C77-6F8F-4A25-95EB-3EEB60C22357}
	EndGlobalSection
EndGlobal
